
Microsoft Visual Studio Solution File, Format Version 12.00
# Visual Studio Version 17
VisualStudioVersion = 17.0.31903.59
MinimumVisualStudioVersion = 10.0.40219.1
Project("{2150E333-8FDC-42A3-9474-1A3956D46DE8}") = "src", "src", "{827E0CD3-B72D-47B6-A68D-7590B98EB39B}"
EndProject
Project("{FAE04EC0-301F-11D3-BF4B-00C04F79EFBC}") = "Luxia.App", "src\Luxia.App\Luxia.App.csproj", "{CEB545F9-0DD6-4479-858F-90D36FFE4701}"
EndProject
Project("{FAE04EC0-301F-11D3-BF4B-00C04F79EFBC}") = "Luxia.Core", "src\Luxia.Core\Luxia.Core.csproj", "{A1F6C6D0-C145-4960-90BC-8BD6C882BC67}"
EndProject
Project("{FAE04EC0-301F-11D3-BF4B-00C04F79EFBC}") = "Luxia.Messaging", "src\Luxia.Messaging\Luxia.Messaging.csproj", "{E7BF0B2D-C490-4FA0-BF73-800CA3ED8342}"
EndProject
Project("{FAE04EC0-301F-11D3-BF4B-00C04F79EFBC}") = "Luxia.Engine", "src\Luxia.Engine\Luxia.Engine.csproj", "{F87825AB-ED61-4B69-B987-592E3BEF486B}"
EndProject
Project("{FAE04EC0-301F-11D3-BF4B-00C04F79EFBC}") = "Luxia.Output", "src\Luxia.Output\Luxia.Output.csproj", "{8E9754A1-D227-46EB-9FAF-D72EEA4FA036}"
EndProject
Project("{FAE04EC0-301F-11D3-BF4B-00C04F79EFBC}") = "Luxia.Persistence", "src\Luxia.Persistence\Luxia.Persistence.csproj", "{42EBBE7D-5202-4B53-8CE0-1A04480E9743}"
EndProject
Project("{FAE04EC0-301F-11D3-BF4B-00C04F79EFBC}") = "Luxia.Hosting", "src\Luxia.Hosting\Luxia.Hosting.csproj", "{D0BC9DC8-939E-48D9-BD99-28F33D266804}"
EndProject
Project("{FAE04EC0-301F-11D3-BF4B-00C04F79EFBC}") = "Luxia.Fixtures", "src\Luxia.Fixtures\Luxia.Fixtures.csproj", "{C443E3E4-3D3F-4B90-B08A-6DF4D1B22F02}"
EndProject
Project("{FAE04EC0-301F-11D3-BF4B-00C04F79EFBC}") = "Luxia.Patch", "src\Luxia.Patch\Luxia.Patch.csproj", "{6B7CBEC3-FBEE-4DA9-83E1-6A5E934B6194}"
EndProject
Project("{FAE04EC0-301F-11D3-BF4B-00C04F79EFBC}") = "Luxia.UI.Controls", "src\Luxia.UI.Controls\Luxia.UI.Controls.csproj", "{05A263F7-F7C7-4B8D-8B7F-CD239AA78B6B}"
EndProject
Project("{FAE04EC0-301F-11D3-BF4B-00C04F79EFBC}") = "Luxia.UI.Modules.Outputs", "src\Luxia.UI.Modules.Outputs\Luxia.UI.Modules.Outputs.csproj", "{9353D0C5-3F0E-46A1-8747-EF754D53FB84}"
EndProject
Project("{FAE04EC0-301F-11D3-BF4B-00C04F79EFBC}") = "Luxia.UI.Modules.Console", "src\Luxia.UI.Modules.Console\Luxia.UI.Modules.Console.csproj", "{76C446F8-D64D-4832-A745-2B0ECE3CFB62}"
EndProject
Project("{FAE04EC0-301F-11D3-BF4B-00C04F79EFBC}") = "Luxia.UI.Modules.Library", "src\Luxia.UI.Modules.Library\Luxia.UI.Modules.Library.csproj", "{4E35292D-94C7-47C5-B616-C7AEF533133B}"
EndProject
Project("{FAE04EC0-301F-11D3-BF4B-00C04F79EFBC}") = "Luxia.UI.Modules.Installation", "src\Luxia.UI.Modules.Installation\Luxia.UI.Modules.Installation.csproj", "{E0CD2955-5827-4011-B6C5-3E8512408B2A}"
EndProject
Project("{FAE04EC0-301F-11D3-BF4B-00C04F79EFBC}") = "Luxia.UI.Modules.Simulator", "src\Luxia.UI.Modules.Simulator\Luxia.UI.Modules.Simulator.csproj", "{FD1D2952-CFB9-4956-92A1-001508709D0F}"
EndProject
Project("{2150E333-8FDC-42A3-9474-1A3956D46DE8}") = "tests", "tests", "{0AB3BF05-4346-4AA6-1389-037BE0695223}"
EndProject
Project("{FAE04EC0-301F-11D3-BF4B-00C04F79EFBC}") = "Luxia.Architecture.Tests", "tests\Luxia.Architecture.Tests\Luxia.Architecture.Tests.csproj", "{E72E57E7-9768-41C6-93C1-EBBA8CE9624E}"
EndProject
Project("{FAE04EC0-301F-11D3-BF4B-00C04F79EFBC}") = "Luxia.Core.Tests", "tests\Luxia.Core.Tests\Luxia.Core.Tests.csproj", "{C8595AFA-C612-45C7-A859-B934F612362A}"
EndProject
Project("{FAE04EC0-301F-11D3-BF4B-00C04F79EFBC}") = "Luxia.Engine.Tests", "tests\Luxia.Engine.Tests\Luxia.Engine.Tests.csproj", "{F85744B4-091D-4FF8-AB39-A8959FDEFDB5}"
EndProject
Project("{FAE04EC0-301F-11D3-BF4B-00C04F79EFBC}") = "Luxia.Fixtures.Tests", "tests\Luxia.Fixtures.Tests\Luxia.Fixtures.Tests.csproj", "{263A4395-B478-4A06-84E3-4609BADD8187}"
EndProject
Project("{FAE04EC0-301F-11D3-BF4B-00C04F79EFBC}") = "Luxia.Integration.Tests", "tests\Luxia.Integration.Tests\Luxia.Integration.Tests.csproj", "{47347126-6729-462F-931E-7E7F84BAFAD2}"
EndProject
Project("{FAE04EC0-301F-11D3-BF4B-00C04F79EFBC}") = "Luxia.Output.Tests", "tests\Luxia.Output.Tests\Luxia.Output.Tests.csproj", "{8E883532-5C30-4D5C-80BE-3CDF1CC04EB3}"
EndProject
Project("{FAE04EC0-301F-11D3-BF4B-00C04F79EFBC}") = "Luxia.Patch.Tests", "tests\Luxia.Patch.Tests\Luxia.Patch.Tests.csproj", "{F6AD21C4-D5C8-4E39-AE41-47A187C86E95}"
EndProject
Project("{FAE04EC0-301F-11D3-BF4B-00C04F79EFBC}") = "Luxia.Persistence.Tests", "tests\Luxia.Persistence.Tests\Luxia.Persistence.Tests.csproj", "{5FE49AD9-A7B2-46F6-BFD4-B8DA332F4808}"
EndProject
Project("{FAE04EC0-301F-11D3-BF4B-00C04F79EFBC}") = "Luxia.UI.Tests", "tests\Luxia.UI.Tests\Luxia.UI.Tests.csproj", "{090E454F-FC9D-4B3A-8AE9-40F0BCC7AD40}"
EndProject
Project("{2150E333-8FDC-42A3-9474-1A3956D46DE8}") = "tools", "tools", "{07C2787E-EAC7-C090-1BA3-A61EC2A24D84}"
EndProject
Project("{FAE04EC0-301F-11D3-BF4B-00C04F79EFBC}") = "Luxia.Tools.Headless", "tools\Luxia.Tools.Headless\Luxia.Tools.Headless.csproj", "{625578BA-4D41-452D-BB17-873BD8C0BF9C}"
EndProject
Project("{FAE04EC0-301F-11D3-BF4B-00C04F79EFBC}") = "Luxia.Scenes", "src\Luxia.Scenes\Luxia.Scenes.csproj", "{CA2B6443-A4AC-4D78-91D4-53262D5A13E3}"
EndProject
Project("{FAE04EC0-301F-11D3-BF4B-00C04F79EFBC}") = "Luxia.Scenes.Tests", "tests\Luxia.Scenes.Tests\Luxia.Scenes.Tests.csproj", "{51CC6B52-306B-4636-89E3-D6E8EFD26968}"
EndProject
Project("{FAE04EC0-301F-11D3-BF4B-00C04F79EFBC}") = "Luxia.UI.Modules.Scenes", "src\Luxia.UI.Modules.Scenes\Luxia.UI.Modules.Scenes.csproj", "{838D4B79-0557-4842-B219-AA41DB5C1F5F}"
EndProject
Project("{FAE04EC0-301F-11D3-BF4B-00C04F79EFBC}") = "Luxia.Tools.Captures", "tools\Luxia.Tools.Captures\Luxia.Tools.Captures.csproj", "{BC8F1921-B3E9-4F10-AC2D-CA4CA4D8DE72}"
EndProject
Project("{FAE04EC0-301F-11D3-BF4B-00C04F79EFBC}") = "Luxia.UI.Modules.Live", "src\Luxia.UI.Modules.Live\Luxia.UI.Modules.Live.csproj", "{6430866C-731C-4CFF-99E5-7EE8160D9B92}"
EndProject
Project("{FAE04EC0-301F-11D3-BF4B-00C04F79EFBC}") = "Luxia.Midi", "src\Luxia.Midi\Luxia.Midi.csproj", "{DD3316C4-C53C-4738-A224-89DE3031FA01}"
EndProject
Project("{FAE04EC0-301F-11D3-BF4B-00C04F79EFBC}") = "Luxia.Midi.Tests", "tests\Luxia.Midi.Tests\Luxia.Midi.Tests.csproj", "{1A775A2B-8658-493C-A599-10FFE78C1799}"
EndProject
Project("{FAE04EC0-301F-11D3-BF4B-00C04F79EFBC}") = "Luxia.Tools.Prototype", "tools\Luxia.Tools.Prototype\Luxia.Tools.Prototype.csproj", "{2E3BD43D-26D1-41BC-9E98-84B85F566441}"
EndProject
Project("{FAE04EC0-301F-11D3-BF4B-00C04F79EFBC}") = "Luxia.Tools.Prototype.Tests", "tests\Luxia.Tools.Prototype.Tests\Luxia.Tools.Prototype.Tests.csproj", "{F6CC0FA1-DDC0-4A21-87D4-E4ADD6764109}"
EndProject
Project("{FAE04EC0-301F-11D3-BF4B-00C04F79EFBC}") = "Luxia.UI.Modules.Control", "src\Luxia.UI.Modules.Control\Luxia.UI.Modules.Control.csproj", "{5FD34CBB-3253-425E-AE6E-D8C53948A8BB}"
EndProject
Global
	GlobalSection(SolutionConfigurationPlatforms) = preSolution
		Debug|Any CPU = Debug|Any CPU
		Debug|x64 = Debug|x64
		Debug|x86 = Debug|x86
		Release|Any CPU = Release|Any CPU
		Release|x64 = Release|x64
		Release|x86 = Release|x86
	EndGlobalSection
	GlobalSection(ProjectConfigurationPlatforms) = postSolution
		{CEB545F9-0DD6-4479-858F-90D36FFE4701}.Debug|Any CPU.ActiveCfg = Debug|Any CPU
		{CEB545F9-0DD6-4479-858F-90D36FFE4701}.Debug|Any CPU.Build.0 = Debug|Any CPU
		{CEB545F9-0DD6-4479-858F-90D36FFE4701}.Debug|x64.ActiveCfg = Debug|Any CPU
		{CEB545F9-0DD6-4479-858F-90D36FFE4701}.Debug|x64.Build.0 = Debug|Any CPU
		{CEB545F9-0DD6-4479-858F-90D36FFE4701}.Debug|x86.ActiveCfg = Debug|Any CPU
		{CEB545F9-0DD6-4479-858F-90D36FFE4701}.Debug|x86.Build.0 = Debug|Any CPU
		{CEB545F9-0DD6-4479-858F-90D36FFE4701}.Release|Any CPU.ActiveCfg = Release|Any CPU
		{CEB545F9-0DD6-4479-858F-90D36FFE4701}.Release|Any CPU.Build.0 = Release|Any CPU
		{CEB545F9-0DD6-4479-858F-90D36FFE4701}.Release|x64.ActiveCfg = Release|Any CPU
		{CEB545F9-0DD6-4479-858F-90D36FFE4701}.Release|x64.Build.0 = Release|Any CPU
		{CEB545F9-0DD6-4479-858F-90D36FFE4701}.Release|x86.ActiveCfg = Release|Any CPU
		{CEB545F9-0DD6-4479-858F-90D36FFE4701}.Release|x86.Build.0 = Release|Any CPU
		{A1F6C6D0-C145-4960-90BC-8BD6C882BC67}.Debug|Any CPU.ActiveCfg = Debug|Any CPU
		{A1F6C6D0-C145-4960-90BC-8BD6C882BC67}.Debug|Any CPU.Build.0 = Debug|Any CPU
		{A1F6C6D0-C145-4960-90BC-8BD6C882BC67}.Debug|x64.ActiveCfg = Debug|Any CPU
		{A1F6C6D0-C145-4960-90BC-8BD6C882BC67}.Debug|x64.Build.0 = Debug|Any CPU
		{A1F6C6D0-C145-4960-90BC-8BD6C882BC67}.Debug|x86.ActiveCfg = Debug|Any CPU
		{A1F6C6D0-C145-4960-90BC-8BD6C882BC67}.Debug|x86.Build.0 = Debug|Any CPU
		{A1F6C6D0-C145-4960-90BC-8BD6C882BC67}.Release|Any CPU.ActiveCfg = Release|Any CPU
		{A1F6C6D0-C145-4960-90BC-8BD6C882BC67}.Release|Any CPU.Build.0 = Release|Any CPU
		{A1F6C6D0-C145-4960-90BC-8BD6C882BC67}.Release|x64.ActiveCfg = Release|Any CPU
		{A1F6C6D0-C145-4960-90BC-8BD6C882BC67}.Release|x64.Build.0 = Release|Any CPU
		{A1F6C6D0-C145-4960-90BC-8BD6C882BC67}.Release|x86.ActiveCfg = Release|Any CPU
		{A1F6C6D0-C145-4960-90BC-8BD6C882BC67}.Release|x86.Build.0 = Release|Any CPU
		{E7BF0B2D-C490-4FA0-BF73-800CA3ED8342}.Debug|Any CPU.ActiveCfg = Debug|Any CPU
		{E7BF0B2D-C490-4FA0-BF73-800CA3ED8342}.Debug|Any CPU.Build.0 = Debug|Any CPU
		{E7BF0B2D-C490-4FA0-BF73-800CA3ED8342}.Debug|x64.ActiveCfg = Debug|Any CPU
		{E7BF0B2D-C490-4FA0-BF73-800CA3ED8342}.Debug|x64.Build.0 = Debug|Any CPU
		{E7BF0B2D-C490-4FA0-BF73-800CA3ED8342}.Debug|x86.ActiveCfg = Debug|Any CPU
		{E7BF0B2D-C490-4FA0-BF73-800CA3ED8342}.Debug|x86.Build.0 = Debug|Any CPU
		{E7BF0B2D-C490-4FA0-BF73-800CA3ED8342}.Release|Any CPU.ActiveCfg = Release|Any CPU
		{E7BF0B2D-C490-4FA0-BF73-800CA3ED8342}.Release|Any CPU.Build.0 = Release|Any CPU
		{E7BF0B2D-C490-4FA0-BF73-800CA3ED8342}.Release|x64.ActiveCfg = Release|Any CPU
		{E7BF0B2D-C490-4FA0-BF73-800CA3ED8342}.Release|x64.Build.0 = Release|Any CPU
		{E7BF0B2D-C490-4FA0-BF73-800CA3ED8342}.Release|x86.ActiveCfg = Release|Any CPU
		{E7BF0B2D-C490-4FA0-BF73-800CA3ED8342}.Release|x86.Build.0 = Release|Any CPU
		{F87825AB-ED61-4B69-B987-592E3BEF486B}.Debug|Any CPU.ActiveCfg = Debug|Any CPU
		{F87825AB-ED61-4B69-B987-592E3BEF486B}.Debug|Any CPU.Build.0 = Debug|Any CPU
		{F87825AB-ED61-4B69-B987-592E3BEF486B}.Debug|x64.ActiveCfg = Debug|Any CPU
		{F87825AB-ED61-4B69-B987-592E3BEF486B}.Debug|x64.Build.0 = Debug|Any CPU
		{F87825AB-ED61-4B69-B987-592E3BEF486B}.Debug|x86.ActiveCfg = Debug|Any CPU
		{F87825AB-ED61-4B69-B987-592E3BEF486B}.Debug|x86.Build.0 = Debug|Any CPU
		{F87825AB-ED61-4B69-B987-592E3BEF486B}.Release|Any CPU.ActiveCfg = Release|Any CPU
		{F87825AB-ED61-4B69-B987-592E3BEF486B}.Release|Any CPU.Build.0 = Release|Any CPU
		{F87825AB-ED61-4B69-B987-592E3BEF486B}.Release|x64.ActiveCfg = Release|Any CPU
		{F87825AB-ED61-4B69-B987-592E3BEF486B}.Release|x64.Build.0 = Release|Any CPU
		{F87825AB-ED61-4B69-B987-592E3BEF486B}.Release|x86.ActiveCfg = Release|Any CPU
		{F87825AB-ED61-4B69-B987-592E3BEF486B}.Release|x86.Build.0 = Release|Any CPU
		{8E9754A1-D227-46EB-9FAF-D72EEA4FA036}.Debug|Any CPU.ActiveCfg = Debug|Any CPU
		{8E9754A1-D227-46EB-9FAF-D72EEA4FA036}.Debug|Any CPU.Build.0 = Debug|Any CPU
		{8E9754A1-D227-46EB-9FAF-D72EEA4FA036}.Debug|x64.ActiveCfg = Debug|Any CPU
		{8E9754A1-D227-46EB-9FAF-D72EEA4FA036}.Debug|x64.Build.0 = Debug|Any CPU
		{8E9754A1-D227-46EB-9FAF-D72EEA4FA036}.Debug|x86.ActiveCfg = Debug|Any CPU
		{8E9754A1-D227-46EB-9FAF-D72EEA4FA036}.Debug|x86.Build.0 = Debug|Any CPU
		{8E9754A1-D227-46EB-9FAF-D72EEA4FA036}.Release|Any CPU.ActiveCfg = Release|Any CPU
		{8E9754A1-D227-46EB-9FAF-D72EEA4FA036}.Release|Any CPU.Build.0 = Release|Any CPU
		{8E9754A1-D227-46EB-9FAF-D72EEA4FA036}.Release|x64.ActiveCfg = Release|Any CPU
		{8E9754A1-D227-46EB-9FAF-D72EEA4FA036}.Release|x64.Build.0 = Release|Any CPU
		{8E9754A1-D227-46EB-9FAF-D72EEA4FA036}.Release|x86.ActiveCfg = Release|Any CPU
		{8E9754A1-D227-46EB-9FAF-D72EEA4FA036}.Release|x86.Build.0 = Release|Any CPU
		{42EBBE7D-5202-4B53-8CE0-1A04480E9743}.Debug|Any CPU.ActiveCfg = Debug|Any CPU
		{42EBBE7D-5202-4B53-8CE0-1A04480E9743}.Debug|Any CPU.Build.0 = Debug|Any CPU
		{42EBBE7D-5202-4B53-8CE0-1A04480E9743}.Debug|x64.ActiveCfg = Debug|Any CPU
		{42EBBE7D-5202-4B53-8CE0-1A04480E9743}.Debug|x64.Build.0 = Debug|Any CPU
		{42EBBE7D-5202-4B53-8CE0-1A04480E9743}.Debug|x86.ActiveCfg = Debug|Any CPU
		{42EBBE7D-5202-4B53-8CE0-1A04480E9743}.Debug|x86.Build.0 = Debug|Any CPU
		{42EBBE7D-5202-4B53-8CE0-1A04480E9743}.Release|Any CPU.ActiveCfg = Release|Any CPU
		{42EBBE7D-5202-4B53-8CE0-1A04480E9743}.Release|Any CPU.Build.0 = Release|Any CPU
		{42EBBE7D-5202-4B53-8CE0-1A04480E9743}.Release|x64.ActiveCfg = Release|Any CPU
		{42EBBE7D-5202-4B53-8CE0-1A04480E9743}.Release|x64.Build.0 = Release|Any CPU
		{42EBBE7D-5202-4B53-8CE0-1A04480E9743}.Release|x86.ActiveCfg = Release|Any CPU
		{42EBBE7D-5202-4B53-8CE0-1A04480E9743}.Release|x86.Build.0 = Release|Any CPU
		{D0BC9DC8-939E-48D9-BD99-28F33D266804}.Debug|Any CPU.ActiveCfg = Debug|Any CPU
		{D0BC9DC8-939E-48D9-BD99-28F33D266804}.Debug|Any CPU.Build.0 = Debug|Any CPU
		{D0BC9DC8-939E-48D9-BD99-28F33D266804}.Debug|x64.ActiveCfg = Debug|Any CPU
		{D0BC9DC8-939E-48D9-BD99-28F33D266804}.Debug|x64.Build.0 = Debug|Any CPU
		{D0BC9DC8-939E-48D9-BD99-28F33D266804}.Debug|x86.ActiveCfg = Debug|Any CPU
		{D0BC9DC8-939E-48D9-BD99-28F33D266804}.Debug|x86.Build.0 = Debug|Any CPU
		{D0BC9DC8-939E-48D9-BD99-28F33D266804}.Release|Any CPU.ActiveCfg = Release|Any CPU
		{D0BC9DC8-939E-48D9-BD99-28F33D266804}.Release|Any CPU.Build.0 = Release|Any CPU
		{D0BC9DC8-939E-48D9-BD99-28F33D266804}.Release|x64.ActiveCfg = Release|Any CPU
		{D0BC9DC8-939E-48D9-BD99-28F33D266804}.Release|x64.Build.0 = Release|Any CPU
		{D0BC9DC8-939E-48D9-BD99-28F33D266804}.Release|x86.ActiveCfg = Release|Any CPU
		{D0BC9DC8-939E-48D9-BD99-28F33D266804}.Release|x86.Build.0 = Release|Any CPU
		{C443E3E4-3D3F-4B90-B08A-6DF4D1B22F02}.Debug|Any CPU.ActiveCfg = Debug|Any CPU
		{C443E3E4-3D3F-4B90-B08A-6DF4D1B22F02}.Debug|Any CPU.Build.0 = Debug|Any CPU
		{C443E3E4-3D3F-4B90-B08A-6DF4D1B22F02}.Debug|x64.ActiveCfg = Debug|Any CPU
		{C443E3E4-3D3F-4B90-B08A-6DF4D1B22F02}.Debug|x64.Build.0 = Debug|Any CPU
		{C443E3E4-3D3F-4B90-B08A-6DF4D1B22F02}.Debug|x86.ActiveCfg = Debug|Any CPU
		{C443E3E4-3D3F-4B90-B08A-6DF4D1B22F02}.Debug|x86.Build.0 = Debug|Any CPU
		{C443E3E4-3D3F-4B90-B08A-6DF4D1B22F02}.Release|Any CPU.ActiveCfg = Release|Any CPU
		{C443E3E4-3D3F-4B90-B08A-6DF4D1B22F02}.Release|Any CPU.Build.0 = Release|Any CPU
		{C443E3E4-3D3F-4B90-B08A-6DF4D1B22F02}.Release|x64.ActiveCfg = Release|Any CPU
		{C443E3E4-3D3F-4B90-B08A-6DF4D1B22F02}.Release|x64.Build.0 = Release|Any CPU
		{C443E3E4-3D3F-4B90-B08A-6DF4D1B22F02}.Release|x86.ActiveCfg = Release|Any CPU
		{C443E3E4-3D3F-4B90-B08A-6DF4D1B22F02}.Release|x86.Build.0 = Release|Any CPU
		{6B7CBEC3-FBEE-4DA9-83E1-6A5E934B6194}.Debug|Any CPU.ActiveCfg = Debug|Any CPU
		{6B7CBEC3-FBEE-4DA9-83E1-6A5E934B6194}.Debug|Any CPU.Build.0 = Debug|Any CPU
		{6B7CBEC3-FBEE-4DA9-83E1-6A5E934B6194}.Debug|x64.ActiveCfg = Debug|Any CPU
		{6B7CBEC3-FBEE-4DA9-83E1-6A5E934B6194}.Debug|x64.Build.0 = Debug|Any CPU
		{6B7CBEC3-FBEE-4DA9-83E1-6A5E934B6194}.Debug|x86.ActiveCfg = Debug|Any CPU
		{6B7CBEC3-FBEE-4DA9-83E1-6A5E934B6194}.Debug|x86.Build.0 = Debug|Any CPU
		{6B7CBEC3-FBEE-4DA9-83E1-6A5E934B6194}.Release|Any CPU.ActiveCfg = Release|Any CPU
		{6B7CBEC3-FBEE-4DA9-83E1-6A5E934B6194}.Release|Any CPU.Build.0 = Release|Any CPU
		{6B7CBEC3-FBEE-4DA9-83E1-6A5E934B6194}.Release|x64.ActiveCfg = Release|Any CPU
		{6B7CBEC3-FBEE-4DA9-83E1-6A5E934B6194}.Release|x64.Build.0 = Release|Any CPU
		{6B7CBEC3-FBEE-4DA9-83E1-6A5E934B6194}.Release|x86.ActiveCfg = Release|Any CPU
		{6B7CBEC3-FBEE-4DA9-83E1-6A5E934B6194}.Release|x86.Build.0 = Release|Any CPU
		{05A263F7-F7C7-4B8D-8B7F-CD239AA78B6B}.Debug|Any CPU.ActiveCfg = Debug|Any CPU
		{05A263F7-F7C7-4B8D-8B7F-CD239AA78B6B}.Debug|Any CPU.Build.0 = Debug|Any CPU
		{05A263F7-F7C7-4B8D-8B7F-CD239AA78B6B}.Debug|x64.ActiveCfg = Debug|Any CPU
		{05A263F7-F7C7-4B8D-8B7F-CD239AA78B6B}.Debug|x64.Build.0 = Debug|Any CPU
		{05A263F7-F7C7-4B8D-8B7F-CD239AA78B6B}.Debug|x86.ActiveCfg = Debug|Any CPU
		{05A263F7-F7C7-4B8D-8B7F-CD239AA78B6B}.Debug|x86.Build.0 = Debug|Any CPU
		{05A263F7-F7C7-4B8D-8B7F-CD239AA78B6B}.Release|Any CPU.ActiveCfg = Release|Any CPU
		{05A263F7-F7C7-4B8D-8B7F-CD239AA78B6B}.Release|Any CPU.Build.0 = Release|Any CPU
		{05A263F7-F7C7-4B8D-8B7F-CD239AA78B6B}.Release|x64.ActiveCfg = Release|Any CPU
		{05A263F7-F7C7-4B8D-8B7F-CD239AA78B6B}.Release|x64.Build.0 = Release|Any CPU
		{05A263F7-F7C7-4B8D-8B7F-CD239AA78B6B}.Release|x86.ActiveCfg = Release|Any CPU
		{05A263F7-F7C7-4B8D-8B7F-CD239AA78B6B}.Release|x86.Build.0 = Release|Any CPU
		{9353D0C5-3F0E-46A1-8747-EF754D53FB84}.Debug|Any CPU.ActiveCfg = Debug|Any CPU
		{9353D0C5-3F0E-46A1-8747-EF754D53FB84}.Debug|Any CPU.Build.0 = Debug|Any CPU
		{9353D0C5-3F0E-46A1-8747-EF754D53FB84}.Debug|x64.ActiveCfg = Debug|Any CPU
		{9353D0C5-3F0E-46A1-8747-EF754D53FB84}.Debug|x64.Build.0 = Debug|Any CPU
		{9353D0C5-3F0E-46A1-8747-EF754D53FB84}.Debug|x86.ActiveCfg = Debug|Any CPU
		{9353D0C5-3F0E-46A1-8747-EF754D53FB84}.Debug|x86.Build.0 = Debug|Any CPU
		{9353D0C5-3F0E-46A1-8747-EF754D53FB84}.Release|Any CPU.ActiveCfg = Release|Any CPU
		{9353D0C5-3F0E-46A1-8747-EF754D53FB84}.Release|Any CPU.Build.0 = Release|Any CPU
		{9353D0C5-3F0E-46A1-8747-EF754D53FB84}.Release|x64.ActiveCfg = Release|Any CPU
		{9353D0C5-3F0E-46A1-8747-EF754D53FB84}.Release|x64.Build.0 = Release|Any CPU
		{9353D0C5-3F0E-46A1-8747-EF754D53FB84}.Release|x86.ActiveCfg = Release|Any CPU
		{9353D0C5-3F0E-46A1-8747-EF754D53FB84}.Release|x86.Build.0 = Release|Any CPU
		{76C446F8-D64D-4832-A745-2B0ECE3CFB62}.Debug|Any CPU.ActiveCfg = Debug|Any CPU
		{76C446F8-D64D-4832-A745-2B0ECE3CFB62}.Debug|Any CPU.Build.0 = Debug|Any CPU
		{76C446F8-D64D-4832-A745-2B0ECE3CFB62}.Debug|x64.ActiveCfg = Debug|Any CPU
		{76C446F8-D64D-4832-A745-2B0ECE3CFB62}.Debug|x64.Build.0 = Debug|Any CPU
		{76C446F8-D64D-4832-A745-2B0ECE3CFB62}.Debug|x86.ActiveCfg = Debug|Any CPU
		{76C446F8-D64D-4832-A745-2B0ECE3CFB62}.Debug|x86.Build.0 = Debug|Any CPU
		{76C446F8-D64D-4832-A745-2B0ECE3CFB62}.Release|Any CPU.ActiveCfg = Release|Any CPU
		{76C446F8-D64D-4832-A745-2B0ECE3CFB62}.Release|Any CPU.Build.0 = Release|Any CPU
		{76C446F8-D64D-4832-A745-2B0ECE3CFB62}.Release|x64.ActiveCfg = Release|Any CPU
		{76C446F8-D64D-4832-A745-2B0ECE3CFB62}.Release|x64.Build.0 = Release|Any CPU
		{76C446F8-D64D-4832-A745-2B0ECE3CFB62}.Release|x86.ActiveCfg = Release|Any CPU
		{76C446F8-D64D-4832-A745-2B0ECE3CFB62}.Release|x86.Build.0 = Release|Any CPU
		{4E35292D-94C7-47C5-B616-C7AEF533133B}.Debug|Any CPU.ActiveCfg = Debug|Any CPU
		{4E35292D-94C7-47C5-B616-C7AEF533133B}.Debug|Any CPU.Build.0 = Debug|Any CPU
		{4E35292D-94C7-47C5-B616-C7AEF533133B}.Debug|x64.ActiveCfg = Debug|Any CPU
		{4E35292D-94C7-47C5-B616-C7AEF533133B}.Debug|x64.Build.0 = Debug|Any CPU
		{4E35292D-94C7-47C5-B616-C7AEF533133B}.Debug|x86.ActiveCfg = Debug|Any CPU
		{4E35292D-94C7-47C5-B616-C7AEF533133B}.Debug|x86.Build.0 = Debug|Any CPU
		{4E35292D-94C7-47C5-B616-C7AEF533133B}.Release|Any CPU.ActiveCfg = Release|Any CPU
		{4E35292D-94C7-47C5-B616-C7AEF533133B}.Release|Any CPU.Build.0 = Release|Any CPU
		{4E35292D-94C7-47C5-B616-C7AEF533133B}.Release|x64.ActiveCfg = Release|Any CPU
		{4E35292D-94C7-47C5-B616-C7AEF533133B}.Release|x64.Build.0 = Release|Any CPU
		{4E35292D-94C7-47C5-B616-C7AEF533133B}.Release|x86.ActiveCfg = Release|Any CPU
		{4E35292D-94C7-47C5-B616-C7AEF533133B}.Release|x86.Build.0 = Release|Any CPU
		{E0CD2955-5827-4011-B6C5-3E8512408B2A}.Debug|Any CPU.ActiveCfg = Debug|Any CPU
		{E0CD2955-5827-4011-B6C5-3E8512408B2A}.Debug|Any CPU.Build.0 = Debug|Any CPU
		{E0CD2955-5827-4011-B6C5-3E8512408B2A}.Debug|x64.ActiveCfg = Debug|Any CPU
		{E0CD2955-5827-4011-B6C5-3E8512408B2A}.Debug|x64.Build.0 = Debug|Any CPU
		{E0CD2955-5827-4011-B6C5-3E8512408B2A}.Debug|x86.ActiveCfg = Debug|Any CPU
		{E0CD2955-5827-4011-B6C5-3E8512408B2A}.Debug|x86.Build.0 = Debug|Any CPU
		{E0CD2955-5827-4011-B6C5-3E8512408B2A}.Release|Any CPU.ActiveCfg = Release|Any CPU
		{E0CD2955-5827-4011-B6C5-3E8512408B2A}.Release|Any CPU.Build.0 = Release|Any CPU
		{E0CD2955-5827-4011-B6C5-3E8512408B2A}.Release|x64.ActiveCfg = Release|Any CPU
		{E0CD2955-5827-4011-B6C5-3E8512408B2A}.Release|x64.Build.0 = Release|Any CPU
		{E0CD2955-5827-4011-B6C5-3E8512408B2A}.Release|x86.ActiveCfg = Release|Any CPU
		{E0CD2955-5827-4011-B6C5-3E8512408B2A}.Release|x86.Build.0 = Release|Any CPU
		{FD1D2952-CFB9-4956-92A1-001508709D0F}.Debug|Any CPU.ActiveCfg = Debug|Any CPU
		{FD1D2952-CFB9-4956-92A1-001508709D0F}.Debug|Any CPU.Build.0 = Debug|Any CPU
		{FD1D2952-CFB9-4956-92A1-001508709D0F}.Debug|x64.ActiveCfg = Debug|Any CPU
		{FD1D2952-CFB9-4956-92A1-001508709D0F}.Debug|x64.Build.0 = Debug|Any CPU
		{FD1D2952-CFB9-4956-92A1-001508709D0F}.Debug|x86.ActiveCfg = Debug|Any CPU
		{FD1D2952-CFB9-4956-92A1-001508709D0F}.Debug|x86.Build.0 = Debug|Any CPU
		{FD1D2952-CFB9-4956-92A1-001508709D0F}.Release|Any CPU.ActiveCfg = Release|Any CPU
		{FD1D2952-CFB9-4956-92A1-001508709D0F}.Release|Any CPU.Build.0 = Release|Any CPU
		{FD1D2952-CFB9-4956-92A1-001508709D0F}.Release|x64.ActiveCfg = Release|Any CPU
		{FD1D2952-CFB9-4956-92A1-001508709D0F}.Release|x64.Build.0 = Release|Any CPU
		{FD1D2952-CFB9-4956-92A1-001508709D0F}.Release|x86.ActiveCfg = Release|Any CPU
		{FD1D2952-CFB9-4956-92A1-001508709D0F}.Release|x86.Build.0 = Release|Any CPU
		{E72E57E7-9768-41C6-93C1-EBBA8CE9624E}.Debug|Any CPU.ActiveCfg = Debug|Any CPU
		{E72E57E7-9768-41C6-93C1-EBBA8CE9624E}.Debug|Any CPU.Build.0 = Debug|Any CPU
		{E72E57E7-9768-41C6-93C1-EBBA8CE9624E}.Debug|x64.ActiveCfg = Debug|Any CPU
		{E72E57E7-9768-41C6-93C1-EBBA8CE9624E}.Debug|x64.Build.0 = Debug|Any CPU
		{E72E57E7-9768-41C6-93C1-EBBA8CE9624E}.Debug|x86.ActiveCfg = Debug|Any CPU
		{E72E57E7-9768-41C6-93C1-EBBA8CE9624E}.Debug|x86.Build.0 = Debug|Any CPU
		{E72E57E7-9768-41C6-93C1-EBBA8CE9624E}.Release|Any CPU.ActiveCfg = Release|Any CPU
		{E72E57E7-9768-41C6-93C1-EBBA8CE9624E}.Release|Any CPU.Build.0 = Release|Any CPU
		{E72E57E7-9768-41C6-93C1-EBBA8CE9624E}.Release|x64.ActiveCfg = Release|Any CPU
		{E72E57E7-9768-41C6-93C1-EBBA8CE9624E}.Release|x64.Build.0 = Release|Any CPU
		{E72E57E7-9768-41C6-93C1-EBBA8CE9624E}.Release|x86.ActiveCfg = Release|Any CPU
		{E72E57E7-9768-41C6-93C1-EBBA8CE9624E}.Release|x86.Build.0 = Release|Any CPU
		{C8595AFA-C612-45C7-A859-B934F612362A}.Debug|Any CPU.ActiveCfg = Debug|Any CPU
		{C8595AFA-C612-45C7-A859-B934F612362A}.Debug|Any CPU.Build.0 = Debug|Any CPU
		{C8595AFA-C612-45C7-A859-B934F612362A}.Debug|x64.ActiveCfg = Debug|Any CPU
		{C8595AFA-C612-45C7-A859-B934F612362A}.Debug|x64.Build.0 = Debug|Any CPU
		{C8595AFA-C612-45C7-A859-B934F612362A}.Debug|x86.ActiveCfg = Debug|Any CPU
		{C8595AFA-C612-45C7-A859-B934F612362A}.Debug|x86.Build.0 = Debug|Any CPU
		{C8595AFA-C612-45C7-A859-B934F612362A}.Release|Any CPU.ActiveCfg = Release|Any CPU
		{C8595AFA-C612-45C7-A859-B934F612362A}.Release|Any CPU.Build.0 = Release|Any CPU
		{C8595AFA-C612-45C7-A859-B934F612362A}.Release|x64.ActiveCfg = Release|Any CPU
		{C8595AFA-C612-45C7-A859-B934F612362A}.Release|x64.Build.0 = Release|Any CPU
		{C8595AFA-C612-45C7-A859-B934F612362A}.Release|x86.ActiveCfg = Release|Any CPU
		{C8595AFA-C612-45C7-A859-B934F612362A}.Release|x86.Build.0 = Release|Any CPU
		{F85744B4-091D-4FF8-AB39-A8959FDEFDB5}.Debug|Any CPU.ActiveCfg = Debug|Any CPU
		{F85744B4-091D-4FF8-AB39-A8959FDEFDB5}.Debug|Any CPU.Build.0 = Debug|Any CPU
		{F85744B4-091D-4FF8-AB39-A8959FDEFDB5}.Debug|x64.ActiveCfg = Debug|Any CPU
		{F85744B4-091D-4FF8-AB39-A8959FDEFDB5}.Debug|x64.Build.0 = Debug|Any CPU
		{F85744B4-091D-4FF8-AB39-A8959FDEFDB5}.Debug|x86.ActiveCfg = Debug|Any CPU
		{F85744B4-091D-4FF8-AB39-A8959FDEFDB5}.Debug|x86.Build.0 = Debug|Any CPU
		{F85744B4-091D-4FF8-AB39-A8959FDEFDB5}.Release|Any CPU.ActiveCfg = Release|Any CPU
		{F85744B4-091D-4FF8-AB39-A8959FDEFDB5}.Release|Any CPU.Build.0 = Release|Any CPU
		{F85744B4-091D-4FF8-AB39-A8959FDEFDB5}.Release|x64.ActiveCfg = Release|Any CPU
		{F85744B4-091D-4FF8-AB39-A8959FDEFDB5}.Release|x64.Build.0 = Release|Any CPU
		{F85744B4-091D-4FF8-AB39-A8959FDEFDB5}.Release|x86.ActiveCfg = Release|Any CPU
		{F85744B4-091D-4FF8-AB39-A8959FDEFDB5}.Release|x86.Build.0 = Release|Any CPU
		{263A4395-B478-4A06-84E3-4609BADD8187}.Debug|Any CPU.ActiveCfg = Debug|Any CPU
		{263A4395-B478-4A06-84E3-4609BADD8187}.Debug|Any CPU.Build.0 = Debug|Any CPU
		{263A4395-B478-4A06-84E3-4609BADD8187}.Debug|x64.ActiveCfg = Debug|Any CPU
		{263A4395-B478-4A06-84E3-4609BADD8187}.Debug|x64.Build.0 = Debug|Any CPU
		{263A4395-B478-4A06-84E3-4609BADD8187}.Debug|x86.ActiveCfg = Debug|Any CPU
		{263A4395-B478-4A06-84E3-4609BADD8187}.Debug|x86.Build.0 = Debug|Any CPU
		{263A4395-B478-4A06-84E3-4609BADD8187}.Release|Any CPU.ActiveCfg = Release|Any CPU
		{263A4395-B478-4A06-84E3-4609BADD8187}.Release|Any CPU.Build.0 = Release|Any CPU
		{263A4395-B478-4A06-84E3-4609BADD8187}.Release|x64.ActiveCfg = Release|Any CPU
		{263A4395-B478-4A06-84E3-4609BADD8187}.Release|x64.Build.0 = Release|Any CPU
		{263A4395-B478-4A06-84E3-4609BADD8187}.Release|x86.ActiveCfg = Release|Any CPU
		{263A4395-B478-4A06-84E3-4609BADD8187}.Release|x86.Build.0 = Release|Any CPU
		{47347126-6729-462F-931E-7E7F84BAFAD2}.Debug|Any CPU.ActiveCfg = Debug|Any CPU
		{47347126-6729-462F-931E-7E7F84BAFAD2}.Debug|Any CPU.Build.0 = Debug|Any CPU
		{47347126-6729-462F-931E-7E7F84BAFAD2}.Debug|x64.ActiveCfg = Debug|Any CPU
		{47347126-6729-462F-931E-7E7F84BAFAD2}.Debug|x64.Build.0 = Debug|Any CPU
		{47347126-6729-462F-931E-7E7F84BAFAD2}.Debug|x86.ActiveCfg = Debug|Any CPU
		{47347126-6729-462F-931E-7E7F84BAFAD2}.Debug|x86.Build.0 = Debug|Any CPU
		{47347126-6729-462F-931E-7E7F84BAFAD2}.Release|Any CPU.ActiveCfg = Release|Any CPU
		{47347126-6729-462F-931E-7E7F84BAFAD2}.Release|Any CPU.Build.0 = Release|Any CPU
		{47347126-6729-462F-931E-7E7F84BAFAD2}.Release|x64.ActiveCfg = Release|Any CPU
		{47347126-6729-462F-931E-7E7F84BAFAD2}.Release|x64.Build.0 = Release|Any CPU
		{47347126-6729-462F-931E-7E7F84BAFAD2}.Release|x86.ActiveCfg = Release|Any CPU
		{47347126-6729-462F-931E-7E7F84BAFAD2}.Release|x86.Build.0 = Release|Any CPU
		{8E883532-5C30-4D5C-80BE-3CDF1CC04EB3}.Debug|Any CPU.ActiveCfg = Debug|Any CPU
		{8E883532-5C30-4D5C-80BE-3CDF1CC04EB3}.Debug|Any CPU.Build.0 = Debug|Any CPU
		{8E883532-5C30-4D5C-80BE-3CDF1CC04EB3}.Debug|x64.ActiveCfg = Debug|Any CPU
		{8E883532-5C30-4D5C-80BE-3CDF1CC04EB3}.Debug|x64.Build.0 = Debug|Any CPU
		{8E883532-5C30-4D5C-80BE-3CDF1CC04EB3}.Debug|x86.ActiveCfg = Debug|Any CPU
		{8E883532-5C30-4D5C-80BE-3CDF1CC04EB3}.Debug|x86.Build.0 = Debug|Any CPU
		{8E883532-5C30-4D5C-80BE-3CDF1CC04EB3}.Release|Any CPU.ActiveCfg = Release|Any CPU
		{8E883532-5C30-4D5C-80BE-3CDF1CC04EB3}.Release|Any CPU.Build.0 = Release|Any CPU
		{8E883532-5C30-4D5C-80BE-3CDF1CC04EB3}.Release|x64.ActiveCfg = Release|Any CPU
		{8E883532-5C30-4D5C-80BE-3CDF1CC04EB3}.Release|x64.Build.0 = Release|Any CPU
		{8E883532-5C30-4D5C-80BE-3CDF1CC04EB3}.Release|x86.ActiveCfg = Release|Any CPU
		{8E883532-5C30-4D5C-80BE-3CDF1CC04EB3}.Release|x86.Build.0 = Release|Any CPU
		{F6AD21C4-D5C8-4E39-AE41-47A187C86E95}.Debug|Any CPU.ActiveCfg = Debug|Any CPU
		{F6AD21C4-D5C8-4E39-AE41-47A187C86E95}.Debug|Any CPU.Build.0 = Debug|Any CPU
		{F6AD21C4-D5C8-4E39-AE41-47A187C86E95}.Debug|x64.ActiveCfg = Debug|Any CPU
		{F6AD21C4-D5C8-4E39-AE41-47A187C86E95}.Debug|x64.Build.0 = Debug|Any CPU
		{F6AD21C4-D5C8-4E39-AE41-47A187C86E95}.Debug|x86.ActiveCfg = Debug|Any CPU
		{F6AD21C4-D5C8-4E39-AE41-47A187C86E95}.Debug|x86.Build.0 = Debug|Any CPU
		{F6AD21C4-D5C8-4E39-AE41-47A187C86E95}.Release|Any CPU.ActiveCfg = Release|Any CPU
		{F6AD21C4-D5C8-4E39-AE41-47A187C86E95}.Release|Any CPU.Build.0 = Release|Any CPU
		{F6AD21C4-D5C8-4E39-AE41-47A187C86E95}.Release|x64.ActiveCfg = Release|Any CPU
		{F6AD21C4-D5C8-4E39-AE41-47A187C86E95}.Release|x64.Build.0 = Release|Any CPU
		{F6AD21C4-D5C8-4E39-AE41-47A187C86E95}.Release|x86.ActiveCfg = Release|Any CPU
		{F6AD21C4-D5C8-4E39-AE41-47A187C86E95}.Release|x86.Build.0 = Release|Any CPU
		{5FE49AD9-A7B2-46F6-BFD4-B8DA332F4808}.Debug|Any CPU.ActiveCfg = Debug|Any CPU
		{5FE49AD9-A7B2-46F6-BFD4-B8DA332F4808}.Debug|Any CPU.Build.0 = Debug|Any CPU
		{5FE49AD9-A7B2-46F6-BFD4-B8DA332F4808}.Debug|x64.ActiveCfg = Debug|Any CPU
		{5FE49AD9-A7B2-46F6-BFD4-B8DA332F4808}.Debug|x64.Build.0 = Debug|Any CPU
		{5FE49AD9-A7B2-46F6-BFD4-B8DA332F4808}.Debug|x86.ActiveCfg = Debug|Any CPU
		{5FE49AD9-A7B2-46F6-BFD4-B8DA332F4808}.Debug|x86.Build.0 = Debug|Any CPU
		{5FE49AD9-A7B2-46F6-BFD4-B8DA332F4808}.Release|Any CPU.ActiveCfg = Release|Any CPU
		{5FE49AD9-A7B2-46F6-BFD4-B8DA332F4808}.Release|Any CPU.Build.0 = Release|Any CPU
		{5FE49AD9-A7B2-46F6-BFD4-B8DA332F4808}.Release|x64.ActiveCfg = Release|Any CPU
		{5FE49AD9-A7B2-46F6-BFD4-B8DA332F4808}.Release|x64.Build.0 = Release|Any CPU
		{5FE49AD9-A7B2-46F6-BFD4-B8DA332F4808}.Release|x86.ActiveCfg = Release|Any CPU
		{5FE49AD9-A7B2-46F6-BFD4-B8DA332F4808}.Release|x86.Build.0 = Release|Any CPU
		{090E454F-FC9D-4B3A-8AE9-40F0BCC7AD40}.Debug|Any CPU.ActiveCfg = Debug|Any CPU
		{090E454F-FC9D-4B3A-8AE9-40F0BCC7AD40}.Debug|Any CPU.Build.0 = Debug|Any CPU
		{090E454F-FC9D-4B3A-8AE9-40F0BCC7AD40}.Debug|x64.ActiveCfg = Debug|Any CPU
		{090E454F-FC9D-4B3A-8AE9-40F0BCC7AD40}.Debug|x64.Build.0 = Debug|Any CPU
		{090E454F-FC9D-4B3A-8AE9-40F0BCC7AD40}.Debug|x86.ActiveCfg = Debug|Any CPU
		{090E454F-FC9D-4B3A-8AE9-40F0BCC7AD40}.Debug|x86.Build.0 = Debug|Any CPU
		{090E454F-FC9D-4B3A-8AE9-40F0BCC7AD40}.Release|Any CPU.ActiveCfg = Release|Any CPU
		{090E454F-FC9D-4B3A-8AE9-40F0BCC7AD40}.Release|Any CPU.Build.0 = Release|Any CPU
		{090E454F-FC9D-4B3A-8AE9-40F0BCC7AD40}.Release|x64.ActiveCfg = Release|Any CPU
		{090E454F-FC9D-4B3A-8AE9-40F0BCC7AD40}.Release|x64.Build.0 = Release|Any CPU
		{090E454F-FC9D-4B3A-8AE9-40F0BCC7AD40}.Release|x86.ActiveCfg = Release|Any CPU
		{090E454F-FC9D-4B3A-8AE9-40F0BCC7AD40}.Release|x86.Build.0 = Release|Any CPU
		{625578BA-4D41-452D-BB17-873BD8C0BF9C}.Debug|Any CPU.ActiveCfg = Debug|Any CPU
		{625578BA-4D41-452D-BB17-873BD8C0BF9C}.Debug|Any CPU.Build.0 = Debug|Any CPU
		{625578BA-4D41-452D-BB17-873BD8C0BF9C}.Debug|x64.ActiveCfg = Debug|Any CPU
		{625578BA-4D41-452D-BB17-873BD8C0BF9C}.Debug|x64.Build.0 = Debug|Any CPU
		{625578BA-4D41-452D-BB17-873BD8C0BF9C}.Debug|x86.ActiveCfg = Debug|Any CPU
		{625578BA-4D41-452D-BB17-873BD8C0BF9C}.Debug|x86.Build.0 = Debug|Any CPU
		{625578BA-4D41-452D-BB17-873BD8C0BF9C}.Release|Any CPU.ActiveCfg = Release|Any CPU
		{625578BA-4D41-452D-BB17-873BD8C0BF9C}.Release|Any CPU.Build.0 = Release|Any CPU
		{625578BA-4D41-452D-BB17-873BD8C0BF9C}.Release|x64.ActiveCfg = Release|Any CPU
		{625578BA-4D41-452D-BB17-873BD8C0BF9C}.Release|x64.Build.0 = Release|Any CPU
		{625578BA-4D41-452D-BB17-873BD8C0BF9C}.Release|x86.ActiveCfg = Release|Any CPU
		{625578BA-4D41-452D-BB17-873BD8C0BF9C}.Release|x86.Build.0 = Release|Any CPU
		{CA2B6443-A4AC-4D78-91D4-53262D5A13E3}.Debug|Any CPU.ActiveCfg = Debug|Any CPU
		{CA2B6443-A4AC-4D78-91D4-53262D5A13E3}.Debug|Any CPU.Build.0 = Debug|Any CPU
		{CA2B6443-A4AC-4D78-91D4-53262D5A13E3}.Debug|x64.ActiveCfg = Debug|Any CPU
		{CA2B6443-A4AC-4D78-91D4-53262D5A13E3}.Debug|x64.Build.0 = Debug|Any CPU
		{CA2B6443-A4AC-4D78-91D4-53262D5A13E3}.Debug|x86.ActiveCfg = Debug|Any CPU
		{CA2B6443-A4AC-4D78-91D4-53262D5A13E3}.Debug|x86.Build.0 = Debug|Any CPU
		{CA2B6443-A4AC-4D78-91D4-53262D5A13E3}.Release|Any CPU.ActiveCfg = Release|Any CPU
		{CA2B6443-A4AC-4D78-91D4-53262D5A13E3}.Release|Any CPU.Build.0 = Release|Any CPU
		{CA2B6443-A4AC-4D78-91D4-53262D5A13E3}.Release|x64.ActiveCfg = Release|Any CPU
		{CA2B6443-A4AC-4D78-91D4-53262D5A13E3}.Release|x64.Build.0 = Release|Any CPU
		{CA2B6443-A4AC-4D78-91D4-53262D5A13E3}.Release|x86.ActiveCfg = Release|Any CPU
		{CA2B6443-A4AC-4D78-91D4-53262D5A13E3}.Release|x86.Build.0 = Release|Any CPU
		{51CC6B52-306B-4636-89E3-D6E8EFD26968}.Debug|Any CPU.ActiveCfg = Debug|Any CPU
		{51CC6B52-306B-4636-89E3-D6E8EFD26968}.Debug|Any CPU.Build.0 = Debug|Any CPU
		{51CC6B52-306B-4636-89E3-D6E8EFD26968}.Debug|x64.ActiveCfg = Debug|Any CPU
		{51CC6B52-306B-4636-89E3-D6E8EFD26968}.Debug|x64.Build.0 = Debug|Any CPU
		{51CC6B52-306B-4636-89E3-D6E8EFD26968}.Debug|x86.ActiveCfg = Debug|Any CPU
		{51CC6B52-306B-4636-89E3-D6E8EFD26968}.Debug|x86.Build.0 = Debug|Any CPU
		{51CC6B52-306B-4636-89E3-D6E8EFD26968}.Release|Any CPU.ActiveCfg = Release|Any CPU
		{51CC6B52-306B-4636-89E3-D6E8EFD26968}.Release|Any CPU.Build.0 = Release|Any CPU
		{51CC6B52-306B-4636-89E3-D6E8EFD26968}.Release|x64.ActiveCfg = Release|Any CPU
		{51CC6B52-306B-4636-89E3-D6E8EFD26968}.Release|x64.Build.0 = Release|Any CPU
		{51CC6B52-306B-4636-89E3-D6E8EFD26968}.Release|x86.ActiveCfg = Release|Any CPU
		{51CC6B52-306B-4636-89E3-D6E8EFD26968}.Release|x86.Build.0 = Release|Any CPU
		{838D4B79-0557-4842-B219-AA41DB5C1F5F}.Debug|Any CPU.ActiveCfg = Debug|Any CPU
		{838D4B79-0557-4842-B219-AA41DB5C1F5F}.Debug|Any CPU.Build.0 = Debug|Any CPU
		{838D4B79-0557-4842-B219-AA41DB5C1F5F}.Debug|x64.ActiveCfg = Debug|Any CPU
		{838D4B79-0557-4842-B219-AA41DB5C1F5F}.Debug|x64.Build.0 = Debug|Any CPU
		{838D4B79-0557-4842-B219-AA41DB5C1F5F}.Debug|x86.ActiveCfg = Debug|Any CPU
		{838D4B79-0557-4842-B219-AA41DB5C1F5F}.Debug|x86.Build.0 = Debug|Any CPU
		{838D4B79-0557-4842-B219-AA41DB5C1F5F}.Release|Any CPU.ActiveCfg = Release|Any CPU
		{838D4B79-0557-4842-B219-AA41DB5C1F5F}.Release|Any CPU.Build.0 = Release|Any CPU
		{838D4B79-0557-4842-B219-AA41DB5C1F5F}.Release|x64.ActiveCfg = Release|Any CPU
		{838D4B79-0557-4842-B219-AA41DB5C1F5F}.Release|x64.Build.0 = Release|Any CPU
		{838D4B79-0557-4842-B219-AA41DB5C1F5F}.Release|x86.ActiveCfg = Release|Any CPU
		{838D4B79-0557-4842-B219-AA41DB5C1F5F}.Release|x86.Build.0 = Release|Any CPU
		{BC8F1921-B3E9-4F10-AC2D-CA4CA4D8DE72}.Debug|Any CPU.ActiveCfg = Debug|Any CPU
		{BC8F1921-B3E9-4F10-AC2D-CA4CA4D8DE72}.Debug|Any CPU.Build.0 = Debug|Any CPU
		{BC8F1921-B3E9-4F10-AC2D-CA4CA4D8DE72}.Debug|x64.ActiveCfg = Debug|Any CPU
		{BC8F1921-B3E9-4F10-AC2D-CA4CA4D8DE72}.Debug|x64.Build.0 = Debug|Any CPU
		{BC8F1921-B3E9-4F10-AC2D-CA4CA4D8DE72}.Debug|x86.ActiveCfg = Debug|Any CPU
		{BC8F1921-B3E9-4F10-AC2D-CA4CA4D8DE72}.Debug|x86.Build.0 = Debug|Any CPU
		{BC8F1921-B3E9-4F10-AC2D-CA4CA4D8DE72}.Release|Any CPU.ActiveCfg = Release|Any CPU
		{BC8F1921-B3E9-4F10-AC2D-CA4CA4D8DE72}.Release|Any CPU.Build.0 = Release|Any CPU
		{BC8F1921-B3E9-4F10-AC2D-CA4CA4D8DE72}.Release|x64.ActiveCfg = Release|Any CPU
		{BC8F1921-B3E9-4F10-AC2D-CA4CA4D8DE72}.Release|x64.Build.0 = Release|Any CPU
		{BC8F1921-B3E9-4F10-AC2D-CA4CA4D8DE72}.Release|x86.ActiveCfg = Release|Any CPU
		{BC8F1921-B3E9-4F10-AC2D-CA4CA4D8DE72}.Release|x86.Build.0 = Release|Any CPU
		{6430866C-731C-4CFF-99E5-7EE8160D9B92}.Debug|Any CPU.ActiveCfg = Debug|Any CPU
		{6430866C-731C-4CFF-99E5-7EE8160D9B92}.Debug|Any CPU.Build.0 = Debug|Any CPU
		{6430866C-731C-4CFF-99E5-7EE8160D9B92}.Debug|x64.ActiveCfg = Debug|Any CPU
		{6430866C-731C-4CFF-99E5-7EE8160D9B92}.Debug|x64.Build.0 = Debug|Any CPU
		{6430866C-731C-4CFF-99E5-7EE8160D9B92}.Debug|x86.ActiveCfg = Debug|Any CPU
		{6430866C-731C-4CFF-99E5-7EE8160D9B92}.Debug|x86.Build.0 = Debug|Any CPU
		{6430866C-731C-4CFF-99E5-7EE8160D9B92}.Release|Any CPU.ActiveCfg = Release|Any CPU
		{6430866C-731C-4CFF-99E5-7EE8160D9B92}.Release|Any CPU.Build.0 = Release|Any CPU
		{6430866C-731C-4CFF-99E5-7EE8160D9B92}.Release|x64.ActiveCfg = Release|Any CPU
		{6430866C-731C-4CFF-99E5-7EE8160D9B92}.Release|x64.Build.0 = Release|Any CPU
		{6430866C-731C-4CFF-99E5-7EE8160D9B92}.Release|x86.ActiveCfg = Release|Any CPU
		{6430866C-731C-4CFF-99E5-7EE8160D9B92}.Release|x86.Build.0 = Release|Any CPU
		{DD3316C4-C53C-4738-A224-89DE3031FA01}.Debug|Any CPU.ActiveCfg = Debug|Any CPU
		{DD3316C4-C53C-4738-A224-89DE3031FA01}.Debug|Any CPU.Build.0 = Debug|Any CPU
		{DD3316C4-C53C-4738-A224-89DE3031FA01}.Debug|x64.ActiveCfg = Debug|Any CPU
		{DD3316C4-C53C-4738-A224-89DE3031FA01}.Debug|x64.Build.0 = Debug|Any CPU
		{DD3316C4-C53C-4738-A224-89DE3031FA01}.Debug|x86.ActiveCfg = Debug|Any CPU
		{DD3316C4-C53C-4738-A224-89DE3031FA01}.Debug|x86.Build.0 = Debug|Any CPU
		{DD3316C4-C53C-4738-A224-89DE3031FA01}.Release|Any CPU.ActiveCfg = Release|Any CPU
		{DD3316C4-C53C-4738-A224-89DE3031FA01}.Release|Any CPU.Build.0 = Release|Any CPU
		{DD3316C4-C53C-4738-A224-89DE3031FA01}.Release|x64.ActiveCfg = Release|Any CPU
		{DD3316C4-C53C-4738-A224-89DE3031FA01}.Release|x64.Build.0 = Release|Any CPU
		{DD3316C4-C53C-4738-A224-89DE3031FA01}.Release|x86.ActiveCfg = Release|Any CPU
		{DD3316C4-C53C-4738-A224-89DE3031FA01}.Release|x86.Build.0 = Release|Any CPU
		{1A775A2B-8658-493C-A599-10FFE78C1799}.Debug|Any CPU.ActiveCfg = Debug|Any CPU
		{1A775A2B-8658-493C-A599-10FFE78C1799}.Debug|Any CPU.Build.0 = Debug|Any CPU
		{1A775A2B-8658-493C-A599-10FFE78C1799}.Debug|x64.ActiveCfg = Debug|Any CPU
		{1A775A2B-8658-493C-A599-10FFE78C1799}.Debug|x64.Build.0 = Debug|Any CPU
		{1A775A2B-8658-493C-A599-10FFE78C1799}.Debug|x86.ActiveCfg = Debug|Any CPU
		{1A775A2B-8658-493C-A599-10FFE78C1799}.Debug|x86.Build.0 = Debug|Any CPU
		{1A775A2B-8658-493C-A599-10FFE78C1799}.Release|Any CPU.ActiveCfg = Release|Any CPU
		{1A775A2B-8658-493C-A599-10FFE78C1799}.Release|Any CPU.Build.0 = Release|Any CPU
		{1A775A2B-8658-493C-A599-10FFE78C1799}.Release|x64.ActiveCfg = Release|Any CPU
		{1A775A2B-8658-493C-A599-10FFE78C1799}.Release|x64.Build.0 = Release|Any CPU
		{1A775A2B-8658-493C-A599-10FFE78C1799}.Release|x86.ActiveCfg = Release|Any CPU
		{1A775A2B-8658-493C-A599-10FFE78C1799}.Release|x86.Build.0 = Release|Any CPU
		{2E3BD43D-26D1-41BC-9E98-84B85F566441}.Debug|Any CPU.ActiveCfg = Debug|Any CPU
		{2E3BD43D-26D1-41BC-9E98-84B85F566441}.Debug|Any CPU.Build.0 = Debug|Any CPU
		{2E3BD43D-26D1-41BC-9E98-84B85F566441}.Debug|x64.ActiveCfg = Debug|Any CPU
		{2E3BD43D-26D1-41BC-9E98-84B85F566441}.Debug|x64.Build.0 = Debug|Any CPU
		{2E3BD43D-26D1-41BC-9E98-84B85F566441}.Debug|x86.ActiveCfg = Debug|Any CPU
		{2E3BD43D-26D1-41BC-9E98-84B85F566441}.Debug|x86.Build.0 = Debug|Any CPU
		{2E3BD43D-26D1-41BC-9E98-84B85F566441}.Release|Any CPU.ActiveCfg = Release|Any CPU
		{2E3BD43D-26D1-41BC-9E98-84B85F566441}.Release|Any CPU.Build.0 = Release|Any CPU
		{2E3BD43D-26D1-41BC-9E98-84B85F566441}.Release|x64.ActiveCfg = Release|Any CPU
		{2E3BD43D-26D1-41BC-9E98-84B85F566441}.Release|x64.Build.0 = Release|Any CPU
		{2E3BD43D-26D1-41BC-9E98-84B85F566441}.Release|x86.ActiveCfg = Release|Any CPU
		{2E3BD43D-26D1-41BC-9E98-84B85F566441}.Release|x86.Build.0 = Release|Any CPU
		{F6CC0FA1-DDC0-4A21-87D4-E4ADD6764109}.Debug|Any CPU.ActiveCfg = Debug|Any CPU
		{F6CC0FA1-DDC0-4A21-87D4-E4ADD6764109}.Debug|Any CPU.Build.0 = Debug|Any CPU
		{F6CC0FA1-DDC0-4A21-87D4-E4ADD6764109}.Debug|x64.ActiveCfg = Debug|Any CPU
		{F6CC0FA1-DDC0-4A21-87D4-E4ADD6764109}.Debug|x64.Build.0 = Debug|Any CPU
		{F6CC0FA1-DDC0-4A21-87D4-E4ADD6764109}.Debug|x86.ActiveCfg = Debug|Any CPU
		{F6CC0FA1-DDC0-4A21-87D4-E4ADD6764109}.Debug|x86.Build.0 = Debug|Any CPU
		{F6CC0FA1-DDC0-4A21-87D4-E4ADD6764109}.Release|Any CPU.ActiveCfg = Release|Any CPU
		{F6CC0FA1-DDC0-4A21-87D4-E4ADD6764109}.Release|Any CPU.Build.0 = Release|Any CPU
		{F6CC0FA1-DDC0-4A21-87D4-E4ADD6764109}.Release|x64.ActiveCfg = Release|Any CPU
		{F6CC0FA1-DDC0-4A21-87D4-E4ADD6764109}.Release|x64.Build.0 = Release|Any CPU
		{F6CC0FA1-DDC0-4A21-87D4-E4ADD6764109}.Release|x86.ActiveCfg = Release|Any CPU
		{F6CC0FA1-DDC0-4A21-87D4-E4ADD6764109}.Release|x86.Build.0 = Release|Any CPU
		{5FD34CBB-3253-425E-AE6E-D8C53948A8BB}.Debug|Any CPU.ActiveCfg = Debug|Any CPU
		{5FD34CBB-3253-425E-AE6E-D8C53948A8BB}.Debug|Any CPU.Build.0 = Debug|Any CPU
		{5FD34CBB-3253-425E-AE6E-D8C53948A8BB}.Debug|x64.ActiveCfg = Debug|Any CPU
		{5FD34CBB-3253-425E-AE6E-D8C53948A8BB}.Debug|x64.Build.0 = Debug|Any CPU
		{5FD34CBB-3253-425E-AE6E-D8C53948A8BB}.Debug|x86.ActiveCfg = Debug|Any CPU
		{5FD34CBB-3253-425E-AE6E-D8C53948A8BB}.Debug|x86.Build.0 = Debug|Any CPU
		{5FD34CBB-3253-425E-AE6E-D8C53948A8BB}.Release|Any CPU.ActiveCfg = Release|Any CPU
		{5FD34CBB-3253-425E-AE6E-D8C53948A8BB}.Release|Any CPU.Build.0 = Release|Any CPU
		{5FD34CBB-3253-425E-AE6E-D8C53948A8BB}.Release|x64.ActiveCfg = Release|Any CPU
		{5FD34CBB-3253-425E-AE6E-D8C53948A8BB}.Release|x64.Build.0 = Release|Any CPU
		{5FD34CBB-3253-425E-AE6E-D8C53948A8BB}.Release|x86.ActiveCfg = Release|Any CPU
		{5FD34CBB-3253-425E-AE6E-D8C53948A8BB}.Release|x86.Build.0 = Release|Any CPU
	EndGlobalSection
	GlobalSection(SolutionProperties) = preSolution
		HideSolutionNode = FALSE
	EndGlobalSection
	GlobalSection(NestedProjects) = preSolution
		{CEB545F9-0DD6-4479-858F-90D36FFE4701} = {827E0CD3-B72D-47B6-A68D-7590B98EB39B}
		{A1F6C6D0-C145-4960-90BC-8BD6C882BC67} = {827E0CD3-B72D-47B6-A68D-7590B98EB39B}
		{E7BF0B2D-C490-4FA0-BF73-800CA3ED8342} = {827E0CD3-B72D-47B6-A68D-7590B98EB39B}
		{F87825AB-ED61-4B69-B987-592E3BEF486B} = {827E0CD3-B72D-47B6-A68D-7590B98EB39B}
		{8E9754A1-D227-46EB-9FAF-D72EEA4FA036} = {827E0CD3-B72D-47B6-A68D-7590B98EB39B}
		{42EBBE7D-5202-4B53-8CE0-1A04480E9743} = {827E0CD3-B72D-47B6-A68D-7590B98EB39B}
		{D0BC9DC8-939E-48D9-BD99-28F33D266804} = {827E0CD3-B72D-47B6-A68D-7590B98EB39B}
		{C443E3E4-3D3F-4B90-B08A-6DF4D1B22F02} = {827E0CD3-B72D-47B6-A68D-7590B98EB39B}
		{6B7CBEC3-FBEE-4DA9-83E1-6A5E934B6194} = {827E0CD3-B72D-47B6-A68D-7590B98EB39B}
		{05A263F7-F7C7-4B8D-8B7F-CD239AA78B6B} = {827E0CD3-B72D-47B6-A68D-7590B98EB39B}
		{9353D0C5-3F0E-46A1-8747-EF754D53FB84} = {827E0CD3-B72D-47B6-A68D-7590B98EB39B}
		{76C446F8-D64D-4832-A745-2B0ECE3CFB62} = {827E0CD3-B72D-47B6-A68D-7590B98EB39B}
		{4E35292D-94C7-47C5-B616-C7AEF533133B} = {827E0CD3-B72D-47B6-A68D-7590B98EB39B}
		{E0CD2955-5827-4011-B6C5-3E8512408B2A} = {827E0CD3-B72D-47B6-A68D-7590B98EB39B}
		{FD1D2952-CFB9-4956-92A1-001508709D0F} = {827E0CD3-B72D-47B6-A68D-7590B98EB39B}
		{E72E57E7-9768-41C6-93C1-EBBA8CE9624E} = {0AB3BF05-4346-4AA6-1389-037BE0695223}
		{C8595AFA-C612-45C7-A859-B934F612362A} = {0AB3BF05-4346-4AA6-1389-037BE0695223}
		{F85744B4-091D-4FF8-AB39-A8959FDEFDB5} = {0AB3BF05-4346-4AA6-1389-037BE0695223}
		{263A4395-B478-4A06-84E3-4609BADD8187} = {0AB3BF05-4346-4AA6-1389-037BE0695223}
		{47347126-6729-462F-931E-7E7F84BAFAD2} = {0AB3BF05-4346-4AA6-1389-037BE0695223}
		{8E883532-5C30-4D5C-80BE-3CDF1CC04EB3} = {0AB3BF05-4346-4AA6-1389-037BE0695223}
		{F6AD21C4-D5C8-4E39-AE41-47A187C86E95} = {0AB3BF05-4346-4AA6-1389-037BE0695223}
		{5FE49AD9-A7B2-46F6-BFD4-B8DA332F4808} = {0AB3BF05-4346-4AA6-1389-037BE0695223}
		{090E454F-FC9D-4B3A-8AE9-40F0BCC7AD40} = {0AB3BF05-4346-4AA6-1389-037BE0695223}
		{625578BA-4D41-452D-BB17-873BD8C0BF9C} = {07C2787E-EAC7-C090-1BA3-A61EC2A24D84}
		{CA2B6443-A4AC-4D78-91D4-53262D5A13E3} = {827E0CD3-B72D-47B6-A68D-7590B98EB39B}
		{51CC6B52-306B-4636-89E3-D6E8EFD26968} = {0AB3BF05-4346-4AA6-1389-037BE0695223}
		{838D4B79-0557-4842-B219-AA41DB5C1F5F} = {827E0CD3-B72D-47B6-A68D-7590B98EB39B}
		{BC8F1921-B3E9-4F10-AC2D-CA4CA4D8DE72} = {07C2787E-EAC7-C090-1BA3-A61EC2A24D84}
		{6430866C-731C-4CFF-99E5-7EE8160D9B92} = {827E0CD3-B72D-47B6-A68D-7590B98EB39B}
		{DD3316C4-C53C-4738-A224-89DE3031FA01} = {827E0CD3-B72D-47B6-A68D-7590B98EB39B}
		{1A775A2B-8658-493C-A599-10FFE78C1799} = {0AB3BF05-4346-4AA6-1389-037BE0695223}
		{2E3BD43D-26D1-41BC-9E98-84B85F566441} = {07C2787E-EAC7-C090-1BA3-A61EC2A24D84}
		{F6CC0FA1-DDC0-4A21-87D4-E4ADD6764109} = {0AB3BF05-4346-4AA6-1389-037BE0695223}
		{5FD34CBB-3253-425E-AE6E-D8C53948A8BB} = {827E0CD3-B72D-47B6-A68D-7590B98EB39B}
	EndGlobalSection
EndGlobal
